
Microsoft Visual Studio Solution File, Format Version 12.00
# Visual Studio Version 17
VisualStudioVersion = 17.3.32929.385
MinimumVisualStudioVersion = 10.0.40219.1
Project("{FAE04EC0-301F-11D3-BF4B-00C04F79EFBC}") = "WebApplication1", "WebApplication1\WebApplication1.csproj", "{7080419A-73C7-4C4D-A8D9-6006985CE983}"
EndProject
Global
	GlobalSection(SolutionConfigurationPlatforms) = preSolution
		Debug|Any CPU = Debug|Any CPU
		Release|Any CPU = Release|Any CPU
	EndGlobalSection
	GlobalSection(ProjectConfigurationPlatforms) = postSolution
		{7080419A-73C7-4C4D-A8D9-6006985CE983}.Debug|Any CPU.ActiveCfg = Debug|Any CPU
		{7080419A-73C7-4C4D-A8D9-6006985CE983}.Debug|Any CPU.Build.0 = Debug|Any CPU
		{7080419A-73C7-4C4D-A8D9-6006985CE983}.Release|Any CPU.ActiveCfg = Release|Any CPU
		{7080419A-73C7-4C4D-A8D9-6006985CE983}.Release|Any CPU.Build.0 = Release|Any CPU
	EndGlobalSection
	GlobalSection(SolutionProperties) = preSolution
		HideSolutionNode = FALSE
	EndGlobalSection
	GlobalSection(ExtensibilityGlobals) = postSolution
		SolutionGuid = {F9C67E50-4D15-4E6D-96F7-F6A3FEF83CDC}
	EndGlobalSection
EndGlobal
